{
  "name": "cda-locale",
  "version": "1.0.0",
  "lockfileVersion": 1,
  "requires": true,
  "dependencies": {
    "@tweenjs/tween.js": {
      "version": "17.1.1",
      "resolved": "https://registry.npmjs.org/@tweenjs/tween.js/-/tween.js-17.1.1.tgz",
      "integrity": "sha1-pzXsM2Koz/dBhzOFNQPCpVPuGjo="
    }
  }
}
